[[package]]
category = "main"
description = "Simple construction, analysis and modification of binary data."
name = "bitstring"
optional = false
python-versions = "*"
version = "3.1.7"

[metadata]
content-hash = "69477a6e62b060c2b098b79bf61077f48e44536ad6cbcbd768ed412b064a876d"
python-versions = "^3.9"

[metadata.files]
bitstring = [
    {file = "bitstring-3.1.7.tar.gz", hash = "sha256:fdf3eb72b229d2864fb507f8f42b1b2c57af7ce5fec035972f9566de440a864a"},
]
